
Microsoft Visual Studio Solution File, Format Version 12.00
# Visual Studio 15
VisualStudioVersion = 15.0.27703.2035
MinimumVisualStudioVersion = 10.0.40219.1
Project("{FAE04EC0-301F-11D3-BF4B-00C04F79EFBC}") = "SamuraiApp.Domain", "SamuraiApp.Domain\SamuraiApp.Domain.csproj", "{9E6D0BB8-72CF-4567-8A15-5ACC04D84AEC}"
EndProject
Project("{FAE04EC0-301F-11D3-BF4B-00C04F79EFBC}") = "SamuraiApp.Data", "SamuraiApp.Data\SamuraiApp.Data.csproj", "{939FA41F-B1BC-4ED6-914C-872245617DEF}"
EndProject
Project("{FAE04EC0-301F-11D3-BF4B-00C04F79EFBC}") = "WebApp", "WebApp\WebApp.csproj", "{D93CB539-7761-4E93-8800-4DAC6B439E5F}"
EndProject
Global
	GlobalSection(SolutionConfigurationPlatforms) = preSolution
		Debug|Any CPU = Debug|Any CPU
		Release|Any CPU = Release|Any CPU
	EndGlobalSection
	GlobalSection(ProjectConfigurationPlatforms) = postSolution
		{9E6D0BB8-72CF-4567-8A15-5ACC04D84AEC}.Debug|Any CPU.ActiveCfg = Debug|Any CPU
		{9E6D0BB8-72CF-4567-8A15-5ACC04D84AEC}.Debug|Any CPU.Build.0 = Debug|Any CPU
		{9E6D0BB8-72CF-4567-8A15-5ACC04D84AEC}.Release|Any CPU.ActiveCfg = Release|Any CPU
		{9E6D0BB8-72CF-4567-8A15-5ACC04D84AEC}.Release|Any CPU.Build.0 = Release|Any CPU
		{939FA41F-B1BC-4ED6-914C-872245617DEF}.Debug|Any CPU.ActiveCfg = Debug|Any CPU
		{939FA41F-B1BC-4ED6-914C-872245617DEF}.Debug|Any CPU.Build.0 = Debug|Any CPU
		{939FA41F-B1BC-4ED6-914C-872245617DEF}.Release|Any CPU.ActiveCfg = Release|Any CPU
		{939FA41F-B1BC-4ED6-914C-872245617DEF}.Release|Any CPU.Build.0 = Release|Any CPU
		{D93CB539-7761-4E93-8800-4DAC6B439E5F}.Debug|Any CPU.ActiveCfg = Debug|Any CPU
		{D93CB539-7761-4E93-8800-4DAC6B439E5F}.Debug|Any CPU.Build.0 = Debug|Any CPU
		{D93CB539-7761-4E93-8800-4DAC6B439E5F}.Release|Any CPU.ActiveCfg = Release|Any CPU
		{D93CB539-7761-4E93-8800-4DAC6B439E5F}.Release|Any CPU.Build.0 = Release|Any CPU
	EndGlobalSection
	GlobalSection(SolutionProperties) = preSolution
		HideSolutionNode = FALSE
	EndGlobalSection
	GlobalSection(ExtensibilityGlobals) = postSolution
		SolutionGuid = {BF30CA73-2D3B-496A-B2A9-78473EAD1DB4}
	EndGlobalSection
EndGlobal
